
Microsoft Visual Studio Solution File, Format Version 12.00
# Visual Studio Version 16
VisualStudioVersion = 16.0.31424.327
MinimumVisualStudioVersion = 10.0.40219.1
Project("{9A19103F-16F7-4668-BE54-9A1E7A4F7556}") = "Kar Belirleme Uygulaması", "Kar Belirleme Uygulaması.csproj", "{6B97FFFF-8F0C-4B65-9B68-33221A928222}"
EndProject
Global
	GlobalSection(SolutionConfigurationPlatforms) = preSolution
		Debug|Any CPU = Debug|Any CPU
		Release|Any CPU = Release|Any CPU
	EndGlobalSection
	GlobalSection(ProjectConfigurationPlatforms) = postSolution
		{6B97FFFF-8F0C-4B65-9B68-33221A928222}.Debug|Any CPU.ActiveCfg = Debug|Any CPU
		{6B97FFFF-8F0C-4B65-9B68-33221A928222}.Debug|Any CPU.Build.0 = Debug|Any CPU
		{6B97FFFF-8F0C-4B65-9B68-33221A928222}.Release|Any CPU.ActiveCfg = Release|Any CPU
		{6B97FFFF-8F0C-4B65-9B68-33221A928222}.Release|Any CPU.Build.0 = Release|Any CPU
	EndGlobalSection
	GlobalSection(SolutionProperties) = preSolution
		HideSolutionNode = FALSE
	EndGlobalSection
	GlobalSection(ExtensibilityGlobals) = postSolution
		SolutionGuid = {E5D4C063-8520-4FA2-B965-AF29A618874F}
	EndGlobalSection
EndGlobal
